
Microsoft Visual Studio Solution File, Format Version 12.00
# Visual Studio 15
VisualStudioVersion = 15.0.27004.2005
MinimumVisualStudioVersion = 10.0.40219.1
Project("{9A19103F-16F7-4668-BE54-9A1E7A4F7556}") = "halloween", "halloween\halloween.csproj", "{9CE1BF4D-9545-4D16-9B58-3BD04DD6455D}"
EndProject
Global
	GlobalSection(SolutionConfigurationPlatforms) = preSolution
		Debug|Any CPU = Debug|Any CPU
		Release|Any CPU = Release|Any CPU
	EndGlobalSection
	GlobalSection(ProjectConfigurationPlatforms) = postSolution
		{9CE1BF4D-9545-4D16-9B58-3BD04DD6455D}.Debug|Any CPU.ActiveCfg = Debug|Any CPU
		{9CE1BF4D-9545-4D16-9B58-3BD04DD6455D}.Debug|Any CPU.Build.0 = Debug|Any CPU
		{9CE1BF4D-9545-4D16-9B58-3BD04DD6455D}.Release|Any CPU.ActiveCfg = Release|Any CPU
		{9CE1BF4D-9545-4D16-9B58-3BD04DD6455D}.Release|Any CPU.Build.0 = Release|Any CPU
	EndGlobalSection
	GlobalSection(SolutionProperties) = preSolution
		HideSolutionNode = FALSE
	EndGlobalSection
	GlobalSection(ExtensibilityGlobals) = postSolution
		SolutionGuid = {6F3FD371-27F3-47F3-AF85-60F4F9CF591E}
	EndGlobalSection
EndGlobal
